Microsoft Visual Studio Solution File, Format Version 12.00
# Visual Studio Version 17
VisualStudioVersion = 17.5.2.0
MinimumVisualStudioVersion = 10.0.40219.1
Project("{FAE04EC0-301F-11D3-BF4B-00C04F79EFBC}") = "api-redis", "api-redis.csproj", "{1897534F-2946-5E9D-B04F-86C8ABAAC72D}"
EndProject
Global
	GlobalSection(SolutionConfigurationPlatforms) = preSolution
		Debug|Any CPU = Debug|Any CPU
		Release|Any CPU = Release|Any CPU
	EndGlobalSection
	GlobalSection(ProjectConfigurationPlatforms) = postSolution
		{1897534F-2946-5E9D-B04F-86C8ABAAC72D}.Debug|Any CPU.ActiveCfg = Debug|Any CPU
		{1897534F-2946-5E9D-B04F-86C8ABAAC72D}.Debug|Any CPU.Build.0 = Debug|Any CPU
		{1897534F-2946-5E9D-B04F-86C8ABAAC72D}.Release|Any CPU.ActiveCfg = Release|Any CPU
		{1897534F-2946-5E9D-B04F-86C8ABAAC72D}.Release|Any CPU.Build.0 = Release|Any CPU
	EndGlobalSection
	GlobalSection(SolutionProperties) = preSolution
		HideSolutionNode = FALSE
	EndGlobalSection
	GlobalSection(ExtensibilityGlobals) = postSolution
		SolutionGuid = {94323BFC-F24D-46DF-BCA1-AA39EE05A3D4}
	EndGlobalSection
EndGlobal
